version = 1
revision = 2
requires-python = ">=3.12"

[[package]]
name = "capstone-project"
version = "0.1.0"
source = { virtual = "." }
dependencies = [
    { name = "pypdf" },
]

[package.metadata]
requires-dist = [{ name = "pypdf", specifier = ">=5.7.0" }]

[[package]]
name = "pypdf"
version = "5.7.0"
source = { registry = "https://pypi.org/simple" }
sdist = { url = "https://files.pythonhosted.org/packages/7b/42/fbc37af367b20fa6c53da81b1780025f6046a0fac8cbf0663a17e743b033/pypdf-5.7.0.tar.gz", hash = "sha256:68c92f2e1aae878bab1150e74447f31ab3848b1c0a6f8becae9f0b1904460b6f", size = 5026120, upload-time = "2025-06-29T08:49:48.305Z" }
wheels = [
    { url = "https://files.pythonhosted.org/packages/73/9f/78d096ef795a813fa0e1cb9b33fa574b205f2b563d9c1e9366c854cf0364/pypdf-5.7.0-py3-none-any.whl", hash = "sha256:203379453439f5b68b7a1cd43cdf4c5f7a02b84810cefa7f93a47b350aaaba48", size = 305524, upload-time = "2025-06-29T08:49:46.16Z" },
]
